// !$*UTF8*$!
{
	archiveVersion = 1;
	classes = {
	};
	objectVersion = 56;
	objects = {

/* Begin PBXBuildFile section */
		EA193F7B2B4AE9C300BBA27C /* Launch Screen.storyboard in Resources */ = {isa = PBXBuildFile; fileRef = EA193F7A2B4AE9C300BBA27C /* Launch Screen.storyboard */; };
		EA35E1F62B4ABCAD00B4B265 /* ConfettiSwiftUI in Frameworks */ = {isa = PBXBuildFile; productRef = EA35E1F52B4ABCAD00B4B265 /* ConfettiSwiftUI */; };
		EA551F0F2B406FD6005F4797 /* Question.swift in Sources */ = {isa = PBXBuildFile; fileRef = EA551F0E2B406FD6005F4797 /* Question.swift */; };
		EA551F132B40B240005F4797 /* EndQuizView.swift in Sources */ = {isa = PBXBuildFile; fileRef = EA551F122B40B240005F4797 /* EndQuizView.swift */; };
		EA5A5B4F2B498B0900BBC5F5 /* NavigationTransitions in Frameworks */ = {isa = PBXBuildFile; productRef = EA5A5B4E2B498B0900BBC5F5 /* NavigationTransitions */; };
		EA7EED972B3B762300151B1E /* SwiftQuizApp.swift in Sources */ = {isa = PBXBuildFile; fileRef = EA7EED962B3B762300151B1E /* SwiftQuizApp.swift */; };
		EA7EED992B3B762300151B1E /* ContentView.swift in Sources */ = {isa = PBXBuildFile; fileRef = EA7EED982B3B762300151B1E /* ContentView.swift */; };
		EA7EED9B2B3B762500151B1E /* Assets.xcassets in Resources */ = {isa = PBXBuildFile; fileRef = EA7EED9A2B3B762500151B1E /* Assets.xcassets */; };
		EA7EED9E2B3B762500151B1E /* Preview Assets.xcassets in Resources */ = {isa = PBXBuildFile; fileRef = EA7EED9D2B3B762500151B1E /* Preview Assets.xcassets */; };
		EA7EEDA52B3B96BC00151B1E /* LeaderboardView.swift in Sources */ = {isa = PBXBuildFile; fileRef = EA7EEDA42B3B96BC00151B1E /* LeaderboardView.swift */; };
		EA7EEDA82B3C313500151B1E /* HomeView.swift in Sources */ = {isa = PBXBuildFile; fileRef = EA7EEDA72B3C313500151B1E /* HomeView.swift */; };
		EA7EEDAA2B3C57A800151B1E /* BeforeStartView.swift in Sources */ = {isa = PBXBuildFile; fileRef = EA7EEDA92B3C57A800151B1E /* BeforeStartView.swift */; };
		EA7EEDAC2B3C5D9B00151B1E /* QuizView.swift in Sources */ = {isa = PBXBuildFile; fileRef = EA7EEDAB2B3C5D9B00151B1E /* QuizView.swift */; };
		EA7EEDAE2B3CFB1700151B1E /* UserView.swift in Sources */ = {isa = PBXBuildFile; fileRef = EA7EEDAD2B3CFB1700151B1E /* UserView.swift */; };
		EA7EEDB02B3D6F5900151B1E /* SignInView.swift in Sources */ = {isa = PBXBuildFile; fileRef = EA7EEDAF2B3D6F5800151B1E /* SignInView.swift */; };
		EA7EEDB22B3D77F100151B1E /* SignUpView.swift in Sources */ = {isa = PBXBuildFile; fileRef = EA7EEDB12B3D77F100151B1E /* SignUpView.swift */; };
		EA7EEDB52B3D800B00151B1E /* User.swift in Sources */ = {isa = PBXBuildFile; fileRef = EA7EEDB42B3D800B00151B1E /* User.swift */; };
		EA7EEDF02B3D8E7200151B1E /* Points.swift in Sources */ = {isa = PBXBuildFile; fileRef = EA7EEDEF2B3D8E7200151B1E /* Points.swift */; };
		EAD91E502B488AE000C96F2F /* Phases.swift in Sources */ = {isa = PBXBuildFile; fileRef = EAD91E4F2B488AE000C96F2F /* Phases.swift */; };
		EAD91E552B496D6200C96F2F /* Helpers.swift in Sources */ = {isa = PBXBuildFile; fileRef = EAD91E542B496D6200C96F2F /* Helpers.swift */; };
/* End PBXBuildFile section */

/* Begin PBXFileReference section */
		EA193F7A2B4AE9C300BBA27C /* Launch Screen.storyboard */ = {isa = PBXFileReference; lastKnownFileType = file.storyboard; path = "Launch Screen.storyboard"; sourceTree = "<group>"; };
		EA35E1F32B4AB18C00B4B265 /* Info.plist */ = {isa = PBXFileReference; lastKnownFileType = text.plist.xml; path = Info.plist; sourceTree = "<group>"; };
		EA551F0E2B406FD6005F4797 /* Question.swift */ = {isa = PBXFileReference; lastKnownFileType = sourcecode.swift; path = Question.swift; sourceTree = "<group>"; };
		EA551F122B40B240005F4797 /* EndQuizView.swift */ = {isa = PBXFileReference; lastKnownFileType = sourcecode.swift; path = EndQuizView.swift; sourceTree = "<group>"; };
		EA7EED932B3B762300151B1E /* SwiftQuiz.app */ = {isa = PBXFileReference; explicitFileType = wrapper.application; includeInIndex = 0; path = SwiftQuiz.app; sourceTree = BUILT_PRODUCTS_DIR; };
		EA7EED962B3B762300151B1E /* SwiftQuizApp.swift */ = {isa = PBXFileReference; lastKnownFileType = sourcecode.swift; path = SwiftQuizApp.swift; sourceTree = "<group>"; };
		EA7EED982B3B762300151B1E /* ContentView.swift */ = {isa = PBXFileReference; lastKnownFileType = sourcecode.swift; path = ContentView.swift; sourceTree = "<group>"; };
		EA7EED9A2B3B762500151B1E /* Assets.xcassets */ = {isa = PBXFileReference; lastKnownFileType = folder.assetcatalog; path = Assets.xcassets; sourceTree = "<group>"; };
		EA7EED9D2B3B762500151B1E /* Preview Assets.xcassets */ = {isa = PBXFileReference; lastKnownFileType = folder.assetcatalog; path = "Preview Assets.xcassets"; sourceTree = "<group>"; };
		EA7EEDA42B3B96BC00151B1E /* LeaderboardView.swift */ = {isa = PBXFileReference; lastKnownFileType = sourcecode.swift; path = LeaderboardView.swift; sourceTree = "<group>"; };
		EA7EEDA72B3C313500151B1E /* HomeView.swift */ = {isa = PBXFileReference; lastKnownFileType = sourcecode.swift; path = HomeView.swift; sourceTree = "<group>"; };
		EA7EEDA92B3C57A800151B1E /* BeforeStartView.swift */ = {isa = PBXFileReference; lastKnownFileType = sourcecode.swift; path = BeforeStartView.swift; sourceTree = "<group>"; };
		EA7EEDAB2B3C5D9B00151B1E /* QuizView.swift */ = {isa = PBXFileReference; lastKnownFileType = sourcecode.swift; path = QuizView.swift; sourceTree = "<group>"; };
		EA7EEDAD2B3CFB1700151B1E /* UserView.swift */ = {isa = PBXFileReference; lastKnownFileType = sourcecode.swift; path = UserView.swift; sourceTree = "<group>"; };
		EA7EEDAF2B3D6F5800151B1E /* SignInView.swift */ = {isa = PBXFileReference; lastKnownFileType = sourcecode.swift; path = SignInView.swift; sourceTree = "<group>"; };
		EA7EEDB12B3D77F100151B1E /* SignUpView.swift */ = {isa = PBXFileReference; lastKnownFileType = sourcecode.swift; path = SignUpView.swift; sourceTree = "<group>"; };
		EA7EEDB42B3D800B00151B1E /* User.swift */ = {isa = PBXFileReference; lastKnownFileType = sourcecode.swift; path = User.swift; sourceTree = "<group>"; };
		EA7EEDEF2B3D8E7200151B1E /* Points.swift */ = {isa = PBXFileReference; lastKnownFileType = sourcecode.swift; path = Points.swift; sourceTree = "<group>"; };
		EAD91E4F2B488AE000C96F2F /* Phases.swift */ = {isa = PBXFileReference; lastKnownFileType = sourcecode.swift; path = Phases.swift; sourceTree = "<group>"; };
		EAD91E542B496D6200C96F2F /* Helpers.swift */ = {isa = PBXFileReference; lastKnownFileType = sourcecode.swift; path = Helpers.swift; sourceTree = "<group>"; };
/* End PBXFileReference section */

/* Begin PBXFrameworksBuildPhase section */
		EA7EED902B3B762300151B1E /* Frameworks */ = {
			isa = PBXFrameworksBuildPhase;
			buildActionMask = 2147483647;
			files = (
				EA35E1F62B4ABCAD00B4B265 /* ConfettiSwiftUI in Frameworks */,
				EA5A5B4F2B498B0900BBC5F5 /* NavigationTransitions in Frameworks */,
			);
			runOnlyForDeploymentPostprocessing = 0;
		};
/* End PBXFrameworksBuildPhase section */

/* Begin PBXGroup section */
		EA7EED8A2B3B762300151B1E = {
			isa = PBXGroup;
			children = (
				EA7EED952B3B762300151B1E /* SwiftQuiz */,
				EA7EED942B3B762300151B1E /* Products */,
			);
			sourceTree = "<group>";
		};
		EA7EED942B3B762300151B1E /* Products */ = {
			isa = PBXGroup;
			children = (
				EA7EED932B3B762300151B1E /* SwiftQuiz.app */,
			);
			name = Products;
			sourceTree = "<group>";
		};
		EA7EED952B3B762300151B1E /* SwiftQuiz */ = {
			isa = PBXGroup;
			children = (
				EA35E1F32B4AB18C00B4B265 /* Info.plist */,
				EAD91E512B48A27B00C96F2F /* Utils */,
				EA7EEDB32B3D800100151B1E /* Models */,
				EA7EEDA62B3C2BF700151B1E /* Views */,
				EA7EED962B3B762300151B1E /* SwiftQuizApp.swift */,
				EA7EED9A2B3B762500151B1E /* Assets.xcassets */,
				EA7EED9C2B3B762500151B1E /* Preview Content */,
				EA193F7A2B4AE9C300BBA27C /* Launch Screen.storyboard */,
			);
			path = SwiftQuiz;
			sourceTree = "<group>";
		};
		EA7EED9C2B3B762500151B1E /* Preview Content */ = {
			isa = PBXGroup;
			children = (
				EA7EED9D2B3B762500151B1E /* Preview Assets.xcassets */,
			);
			path = "Preview Content";
			sourceTree = "<group>";
		};
		EA7EEDA62B3C2BF700151B1E /* Views */ = {
			isa = PBXGroup;
			children = (
				EA7EEDA42B3B96BC00151B1E /* LeaderboardView.swift */,
				EA7EED982B3B762300151B1E /* ContentView.swift */,
				EA7EEDA72B3C313500151B1E /* HomeView.swift */,
				EA7EEDA92B3C57A800151B1E /* BeforeStartView.swift */,
				EA7EEDAB2B3C5D9B00151B1E /* QuizView.swift */,
				EA7EEDAD2B3CFB1700151B1E /* UserView.swift */,
				EA7EEDAF2B3D6F5800151B1E /* SignInView.swift */,
				EA7EEDB12B3D77F100151B1E /* SignUpView.swift */,
				EA551F122B40B240005F4797 /* EndQuizView.swift */,
			);
			path = Views;
			sourceTree = "<group>";
		};
		EA7EEDB32B3D800100151B1E /* Models */ = {
			isa = PBXGroup;
			children = (
				EA7EEDB42B3D800B00151B1E /* User.swift */,
				EA7EEDEF2B3D8E7200151B1E /* Points.swift */,
				EA551F0E2B406FD6005F4797 /* Question.swift */,
				EAD91E4F2B488AE000C96F2F /* Phases.swift */,
			);
			path = Models;
			sourceTree = "<group>";
		};
		EAD91E512B48A27B00C96F2F /* Utils */ = {
			isa = PBXGroup;
			children = (
				EAD91E542B496D6200C96F2F /* Helpers.swift */,
			);
			path = Utils;
			sourceTree = "<group>";
		};
/* End PBXGroup section */

/* Begin PBXNativeTarget section */
		EA7EED922B3B762300151B1E /* SwiftQuiz */ = {
			isa = PBXNativeTarget;
			buildConfigurationList = EA7EEDA12B3B762500151B1E /* Build configuration list for PBXNativeTarget "SwiftQuiz" */;
			buildPhases = (
				EA7EED8F2B3B762300151B1E /* Sources */,
				EA7EED902B3B762300151B1E /* Frameworks */,
				EA7EED912B3B762300151B1E /* Resources */,
			);
			buildRules = (
			);
			dependencies = (
			);
			name = SwiftQuiz;
			packageProductDependencies = (
				EA5A5B4E2B498B0900BBC5F5 /* NavigationTransitions */,
				EA35E1F52B4ABCAD00B4B265 /* ConfettiSwiftUI */,
			);
			productName = SwiftQuiz;
			productReference = EA7EED932B3B762300151B1E /* SwiftQuiz.app */;
			productType = "com.apple.product-type.application";
		};
/* End PBXNativeTarget section */

/* Begin PBXProject section */
		EA7EED8B2B3B762300151B1E /* Project object */ = {
			isa = PBXProject;
			attributes = {
				BuildIndependentTargetsInParallel = 1;
				LastSwiftUpdateCheck = 1510;
				LastUpgradeCheck = 1510;
				TargetAttributes = {
					EA7EED922B3B762300151B1E = {
						CreatedOnToolsVersion = 15.1;
					};
				};
			};
			buildConfigurationList = EA7EED8E2B3B762300151B1E /* Build configuration list for PBXProject "SwiftQuiz" */;
			compatibilityVersion = "Xcode 14.0";
			developmentRegion = en;
			hasScannedForEncodings = 0;
			knownRegions = (
				en,
				Base,
			);
			mainGroup = EA7EED8A2B3B762300151B1E;
			packageReferences = (
				EA5A5B4D2B498B0900BBC5F5 /* XCRemoteSwiftPackageReference "swiftui-navigation-transitions" */,
				EA35E1F42B4ABCAD00B4B265 /* XCRemoteSwiftPackageReference "ConfettiSwiftUI" */,
			);
			productRefGroup = EA7EED942B3B762300151B1E /* Products */;
			projectDirPath = "";
			projectRoot = "";
			targets = (
				EA7EED922B3B762300151B1E /* SwiftQuiz */,
			);
		};
/* End PBXProject section */

/* Begin PBXResourcesBuildPhase section */
		EA7EED912B3B762300151B1E /* Resources */ = {
			isa = PBXResourcesBuildPhase;
			buildActionMask = 2147483647;
			files = (
				EA193F7B2B4AE9C300BBA27C /* Launch Screen.storyboard in Resources */,
				EA7EED9E2B3B762500151B1E /* Preview Assets.xcassets in Resources */,
				EA7EED9B2B3B762500151B1E /* Assets.xcassets in Resources */,
			);
			runOnlyForDeploymentPostprocessing = 0;
		};
/* End PBXResourcesBuildPhase section */

/* Begin PBXSourcesBuildPhase section */
		EA7EED8F2B3B762300151B1E /* Sources */ = {
			isa = PBXSourcesBuildPhase;
			buildActionMask = 2147483647;
			files = (
				EA7EED992B3B762300151B1E /* ContentView.swift in Sources */,
				EA7EEDA82B3C313500151B1E /* HomeView.swift in Sources */,
				EA551F132B40B240005F4797 /* EndQuizView.swift in Sources */,
				EAD91E502B488AE000C96F2F /* Phases.swift in Sources */,
				EA7EEDA52B3B96BC00151B1E /* LeaderboardView.swift in Sources */,
				EA7EED972B3B762300151B1E /* SwiftQuizApp.swift in Sources */,
				EA7EEDAA2B3C57A800151B1E /* BeforeStartView.swift in Sources */,
				EA7EEDAC2B3C5D9B00151B1E /* QuizView.swift in Sources */,
				EA7EEDF02B3D8E7200151B1E /* Points.swift in Sources */,
				EAD91E552B496D6200C96F2F /* Helpers.swift in Sources */,
				EA551F0F2B406FD6005F4797 /* Question.swift in Sources */,
				EA7EEDB02B3D6F5900151B1E /* SignInView.swift in Sources */,
				EA7EEDB22B3D77F100151B1E /* SignUpView.swift in Sources */,
				EA7EEDB52B3D800B00151B1E /* User.swift in Sources */,
				EA7EEDAE2B3CFB1700151B1E /* UserView.swift in Sources */,
			);
			runOnlyForDeploymentPostprocessing = 0;
		};
/* End PBXSourcesBuildPhase section */

/* Begin XCBuildConfiguration section */
		EA7EED9F2B3B762500151B1E /* Debug */ = {
			isa = XCBuildConfiguration;
			buildSettings = {
				ALWAYS_SEARCH_USER_PATHS = NO;
				ASSETCATALOG_COMPILER_GENERATE_SWIFT_ASSET_SYMBOL_EXTENSIONS = YES;
				CLANG_ANALYZER_NONNULL = YES;
				CLANG_ANALYZER_NUMBER_OBJECT_CONVERSION = YES_AGGRESSIVE;
				CLANG_CXX_LANGUAGE_STANDARD = "gnu++20";
				CLANG_ENABLE_MODULES = YES;
				CLANG_ENABLE_OBJC_ARC = YES;
				CLANG_ENABLE_OBJC_WEAK = YES;
				CLANG_WARN_BLOCK_CAPTURE_AUTORELEASING = YES;
				CLANG_WARN_BOOL_CONVERSION = YES;
				CLANG_WARN_COMMA = YES;
				CLANG_WARN_CONSTANT_CONVERSION = YES;
				CLANG_WARN_DEPRECATED_OBJC_IMPLEMENTATIONS = YES;
				CLANG_WARN_DIRECT_OBJC_ISA_USAGE = YES_ERROR;
				CLANG_WARN_DOCUMENTATION_COMMENTS = YES;
				CLANG_WARN_EMPTY_BODY = YES;
				CLANG_WARN_ENUM_CONVERSION = YES;
				CLANG_WARN_INFINITE_RECURSION = YES;
				CLANG_WARN_INT_CONVERSION = YES;
				CLANG_WARN_NON_LITERAL_NULL_CONVERSION = YES;
				CLANG_WARN_OBJC_IMPLICIT_RETAIN_SELF = YES;
				CLANG_WARN_OBJC_LITERAL_CONVERSION = YES;
				CLANG_WARN_OBJC_ROOT_CLASS = YES_ERROR;
				CLANG_WARN_QUOTED_INCLUDE_IN_FRAMEWORK_HEADER = YES;
				CLANG_WARN_RANGE_LOOP_ANALYSIS = YES;
				CLANG_WARN_STRICT_PROTOTYPES = YES;
				CLANG_WARN_SUSPICIOUS_MOVE = YES;
				CLANG_WARN_UNGUARDED_AVAILABILITY = YES_AGGRESSIVE;
				CLANG_WARN_UNREACHABLE_CODE = YES;
				CLANG_WARN__DUPLICATE_METHOD_MATCH = YES;
				COPY_PHASE_STRIP = NO;
				DEBUG_INFORMATION_FORMAT = dwarf;
				ENABLE_STRICT_OBJC_MSGSEND = YES;
				ENABLE_TESTABILITY = YES;
				ENABLE_USER_SCRIPT_SANDBOXING = YES;
				GCC_C_LANGUAGE_STANDARD = gnu17;
				GCC_DYNAMIC_NO_PIC = NO;
				GCC_NO_COMMON_BLOCKS = YES;
				GCC_OPTIMIZATION_LEVEL = 0;
				GCC_PREPROCESSOR_DEFINITIONS = (
					"DEBUG=1",
					"$(inherited)",
				);
				GCC_WARN_64_TO_32_BIT_CONVERSION = YES;
				GCC_WARN_ABOUT_RETURN_TYPE = YES_ERROR;
				GCC_WARN_UNDECLARED_SELECTOR = YES;
				GCC_WARN_UNINITIALIZED_AUTOS = YES_AGGRESSIVE;
				GCC_WARN_UNUSED_FUNCTION = YES;
				GCC_WARN_UNUSED_VARIABLE = YES;
				IPHONEOS_DEPLOYMENT_TARGET = 17.2;
				LOCALIZATION_PREFERS_STRING_CATALOGS = YES;
				MTL_ENABLE_DEBUG_INFO = INCLUDE_SOURCE;
				MTL_FAST_MATH = YES;
				ONLY_ACTIVE_ARCH = YES;
				SDKROOT = iphoneos;
				SWIFT_ACTIVE_COMPILATION_CONDITIONS = "DEBUG $(inherited)";
				SWIFT_OPTIMIZATION_LEVEL = "-Onone";
			};
			name = Debug;
		};
		EA7EEDA02B3B762500151B1E /* Release */ = {
			isa = XCBuildConfiguration;
			buildSettings = {
				ALWAYS_SEARCH_USER_PATHS = NO;
				ASSETCATALOG_COMPILER_GENERATE_SWIFT_ASSET_SYMBOL_EXTENSIONS = YES;
				CLANG_ANALYZER_NONNULL = YES;
				CLANG_ANALYZER_NUMBER_OBJECT_CONVERSION = YES_AGGRESSIVE;
				CLANG_CXX_LANGUAGE_STANDARD = "gnu++20";
				CLANG_ENABLE_MODULES = YES;
				CLANG_ENABLE_OBJC_ARC = YES;
				CLANG_ENABLE_OBJC_WEAK = YES;
				CLANG_WARN_BLOCK_CAPTURE_AUTORELEASING = YES;
				CLANG_WARN_BOOL_CONVERSION = YES;
				CLANG_WARN_COMMA = YES;
				CLANG_WARN_CONSTANT_CONVERSION = YES;
				CLANG_WARN_DEPRECATED_OBJC_IMPLEMENTATIONS = YES;
				CLANG_WARN_DIRECT_OBJC_ISA_USAGE = YES_ERROR;
				CLANG_WARN_DOCUMENTATION_COMMENTS = YES;
				CLANG_WARN_EMPTY_BODY = YES;
				CLANG_WARN_ENUM_CONVERSION = YES;
				CLANG_WARN_INFINITE_RECURSION = YES;
				CLANG_WARN_INT_CONVERSION = YES;
				CLANG_WARN_NON_LITERAL_NULL_CONVERSION = YES;
				CLANG_WARN_OBJC_IMPLICIT_RETAIN_SELF = YES;
				CLANG_WARN_OBJC_LITERAL_CONVERSION = YES;
				CLANG_WARN_OBJC_ROOT_CLASS = YES_ERROR;
				CLANG_WARN_QUOTED_INCLUDE_IN_FRAMEWORK_HEADER = YES;
				CLANG_WARN_RANGE_LOOP_ANALYSIS = YES;
				CLANG_WARN_STRICT_PROTOTYPES = YES;
				CLANG_WARN_SUSPICIOUS_MOVE = YES;
				CLANG_WARN_UNGUARDED_AVAILABILITY = YES_AGGRESSIVE;
				CLANG_WARN_UNREACHABLE_CODE = YES;
				CLANG_WARN__DUPLICATE_METHOD_MATCH = YES;
				COPY_PHASE_STRIP = NO;
				DEBUG_INFORMATION_FORMAT = "dwarf-with-dsym";
				ENABLE_NS_ASSERTIONS = NO;
				ENABLE_STRICT_OBJC_MSGSEND = YES;
				ENABLE_USER_SCRIPT_SANDBOXING = YES;
				GCC_C_LANGUAGE_STANDARD = gnu17;
				GCC_NO_COMMON_BLOCKS = YES;
				GCC_WARN_64_TO_32_BIT_CONVERSION = YES;
				GCC_WARN_ABOUT_RETURN_TYPE = YES_ERROR;
				GCC_WARN_UNDECLARED_SELECTOR = YES;
				GCC_WARN_UNINITIALIZED_AUTOS = YES_AGGRESSIVE;
				GCC_WARN_UNUSED_FUNCTION = YES;
				GCC_WARN_UNUSED_VARIABLE = YES;
				IPHONEOS_DEPLOYMENT_TARGET = 17.2;
				LOCALIZATION_PREFERS_STRING_CATALOGS = YES;
				MTL_ENABLE_DEBUG_INFO = NO;
				MTL_FAST_MATH = YES;
				SDKROOT = iphoneos;
				SWIFT_COMPILATION_MODE = wholemodule;
				VALIDATE_PRODUCT = YES;
			};
			name = Release;
		};
		EA7EEDA22B3B762500151B1E /* Debug */ = {
			isa = XCBuildConfiguration;
			buildSettings = {
				ASSETCATALOG_COMPILER_APPICON_NAME = AppIcon;
				ASSETCATALOG_COMPILER_GLOBAL_ACCENT_COLOR_NAME = AccentColor;
				ASSETCATALOG_COMPILER_INCLUDE_ALL_APPICON_ASSETS = YES;
				CODE_SIGN_STYLE = Automatic;
				CURRENT_PROJECT_VERSION = 1;
				DEVELOPMENT_ASSET_PATHS = "\"SwiftQuiz/Preview Content\"";
				DEVELOPMENT_TEAM = JB46XZ574F;
				ENABLE_PREVIEWS = YES;
				GENERATE_INFOPLIST_FILE = YES;
				INFOPLIST_FILE = SwiftQuiz/Info.plist;
				INFOPLIST_KEY_UIApplicationSceneManifest_Generation = YES;
				INFOPLIST_KEY_UIApplicationSupportsIndirectInputEvents = YES;
				INFOPLIST_KEY_UILaunchStoryboardName = "Launch Screen.storyboard";
				INFOPLIST_KEY_UISupportedInterfaceOrientations = UIInterfaceOrientationPortrait;
				INFOPLIST_KEY_UISupportedInterfaceOrientations_iPad = "UIInterfaceOrientationLandscapeLeft UIInterfaceOrientationLandscapeRight UIInterfaceOrientationPortrait UIInterfaceOrientationPortraitUpsideDown";
				INFOPLIST_KEY_UIUserInterfaceStyle = Dark;
				IPHONEOS_DEPLOYMENT_TARGET = 17.0;
				LD_RUNPATH_SEARCH_PATHS = (
					"$(inherited)",
					"@executable_path/Frameworks",
				);
				MARKETING_VERSION = 1.0;
				PRODUCT_BUNDLE_IDENTIFIER = t0nysantiago.SwiftQuiz;
				PRODUCT_NAME = "$(TARGET_NAME)";
				SUPPORTED_PLATFORMS = "iphoneos iphonesimulator";
				SUPPORTS_MACCATALYST = NO;
				SUPPORTS_MAC_DESIGNED_FOR_IPHONE_IPAD = NO;
				SWIFT_EMIT_LOC_STRINGS = YES;
				SWIFT_VERSION = 5.0;
				TARGETED_DEVICE_FAMILY = 1;
			};
			name = Debug;
		};
		EA7EEDA32B3B762500151B1E /* Release */ = {
			isa = XCBuildConfiguration;
			buildSettings = {
				ASSETCATALOG_COMPILER_APPICON_NAME = AppIcon;
				ASSETCATALOG_COMPILER_GLOBAL_ACCENT_COLOR_NAME = AccentColor;
				ASSETCATALOG_COMPILER_INCLUDE_ALL_APPICON_ASSETS = YES;
				CODE_SIGN_STYLE = Automatic;
				CURRENT_PROJECT_VERSION = 1;
				DEVELOPMENT_ASSET_PATHS = "\"SwiftQuiz/Preview Content\"";
				DEVELOPMENT_TEAM = JB46XZ574F;
				ENABLE_PREVIEWS = YES;
				GENERATE_INFOPLIST_FILE = YES;
				INFOPLIST_FILE = SwiftQuiz/Info.plist;
				INFOPLIST_KEY_UIApplicationSceneManifest_Generation = YES;
				INFOPLIST_KEY_UIApplicationSupportsIndirectInputEvents = YES;
				INFOPLIST_KEY_UILaunchStoryboardName = "Launch Screen.storyboard";
				INFOPLIST_KEY_UISupportedInterfaceOrientations = UIInterfaceOrientationPortrait;
				INFOPLIST_KEY_UISupportedInterfaceOrientations_iPad = "UIInterfaceOrientationLandscapeLeft UIInterfaceOrientationLandscapeRight UIInterfaceOrientationPortrait UIInterfaceOrientationPortraitUpsideDown";
				INFOPLIST_KEY_UIUserInterfaceStyle = Dark;
				IPHONEOS_DEPLOYMENT_TARGET = 17.0;
				LD_RUNPATH_SEARCH_PATHS = (
					"$(inherited)",
					"@executable_path/Frameworks",
				);
				MARKETING_VERSION = 1.0;
				PRODUCT_BUNDLE_IDENTIFIER = t0nysantiago.SwiftQuiz;
				PRODUCT_NAME = "$(TARGET_NAME)";
				SUPPORTED_PLATFORMS = "iphoneos iphonesimulator";
				SUPPORTS_MACCATALYST = NO;
				SUPPORTS_MAC_DESIGNED_FOR_IPHONE_IPAD = NO;
				SWIFT_EMIT_LOC_STRINGS = YES;
				SWIFT_VERSION = 5.0;
				TARGETED_DEVICE_FAMILY = 1;
			};
			name = Release;
		};
/* End XCBuildConfiguration section */

/* Begin XCConfigurationList section */
		EA7EED8E2B3B762300151B1E /* Build configuration list for PBXProject "SwiftQuiz" */ = {
			isa = XCConfigurationList;
			buildConfigurations = (
				EA7EED9F2B3B762500151B1E /* Debug */,
				EA7EEDA02B3B762500151B1E /* Release */,
			);
			defaultConfigurationIsVisible = 0;
			defaultConfigurationName = Release;
		};
		EA7EEDA12B3B762500151B1E /* Build configuration list for PBXNativeTarget "SwiftQuiz" */ = {
			isa = XCConfigurationList;
			buildConfigurations = (
				EA7EEDA22B3B762500151B1E /* Debug */,
				EA7EEDA32B3B762500151B1E /* Release */,
			);
			defaultConfigurationIsVisible = 0;
			defaultConfigurationName = Release;
		};
/* End XCConfigurationList section */

/* Begin XCRemoteSwiftPackageReference section */
		EA35E1F42B4ABCAD00B4B265 /* XCRemoteSwiftPackageReference "ConfettiSwiftUI" */ = {
			isa = XCRemoteSwiftPackageReference;
			repositoryURL = "https://github.com/simibac/ConfettiSwiftUI.git";
			requirement = {
				kind = upToNextMajorVersion;
				minimumVersion = 1.1.0;
			};
		};
		EA5A5B4D2B498B0900BBC5F5 /* XCRemoteSwiftPackageReference "swiftui-navigation-transitions" */ = {
			isa = XCRemoteSwiftPackageReference;
			repositoryURL = "https://github.com/davdroman/swiftui-navigation-transitions.git";
			requirement = {
				kind = upToNextMajorVersion;
				minimumVersion = 0.13.3;
			};
		};
/* End XCRemoteSwiftPackageReference section */

/* Begin XCSwiftPackageProductDependency section */
		EA35E1F52B4ABCAD00B4B265 /* ConfettiSwiftUI */ = {
			isa = XCSwiftPackageProductDependency;
			package = EA35E1F42B4ABCAD00B4B265 /* XCRemoteSwiftPackageReference "ConfettiSwiftUI" */;
			productName = ConfettiSwiftUI;
		};
		EA5A5B4E2B498B0900BBC5F5 /* NavigationTransitions */ = {
			isa = XCSwiftPackageProductDependency;
			package = EA5A5B4D2B498B0900BBC5F5 /* XCRemoteSwiftPackageReference "swiftui-navigation-transitions" */;
			productName = NavigationTransitions;
		};
/* End XCSwiftPackageProductDependency section */
	};
	rootObject = EA7EED8B2B3B762300151B1E /* Project object */;
}
